
Microsoft Visual Studio Solution File, Format Version 12.00
# Visual Studio Version 16
VisualStudioVersion = 16.0.29503.13
MinimumVisualStudioVersion = 10.0.40219.1
Project("{FAE04EC0-301F-11D3-BF4B-00C04F79EFBC}") = "AnimationExample", "AnimationExample.csproj", "{85D6C5D0-AB0C-4130-BCCA-6919AE403AE2}"
EndProject
Global
	GlobalSection(SolutionConfigurationPlatforms) = preSolution
		Debug|Any CPU = Debug|Any CPU
		Release|Any CPU = Release|Any CPU
	EndGlobalSection
	GlobalSection(ProjectConfigurationPlatforms) = postSolution
		{85D6C5D0-AB0C-4130-BCCA-6919AE403AE2}.Debug|Any CPU.ActiveCfg = Debug|Any CPU
		{85D6C5D0-AB0C-4130-BCCA-6919AE403AE2}.Debug|Any CPU.Build.0 = Debug|Any CPU
		{85D6C5D0-AB0C-4130-BCCA-6919AE403AE2}.Release|Any CPU.ActiveCfg = Release|Any CPU
		{85D6C5D0-AB0C-4130-BCCA-6919AE403AE2}.Release|Any CPU.Build.0 = Release|Any CPU
	EndGlobalSection
	GlobalSection(SolutionProperties) = preSolution
		HideSolutionNode = FALSE
	EndGlobalSection
	GlobalSection(ExtensibilityGlobals) = postSolution
		SolutionGuid = {2EC2B1BD-4B1C-40E5-B720-19CF47C53151}
	EndGlobalSection
EndGlobal
