
Microsoft Visual Studio Solution File, Format Version 12.00
# Visual Studio Version 16
VisualStudioVersion = 16.0.29503.13
MinimumVisualStudioVersion = 10.0.40219.1
Project("{FAE04EC0-301F-11D3-BF4B-00C04F79EFBC}") = "WpfBasics2", "WpfBasics2.csproj", "{003ED8B9-2A81-45DB-A2C2-215D1A45948C}"
EndProject
Global
	GlobalSection(SolutionConfigurationPlatforms) = preSolution
		Debug|Any CPU = Debug|Any CPU
		Release|Any CPU = Release|Any CPU
	EndGlobalSection
	GlobalSection(ProjectConfigurationPlatforms) = postSolution
		{003ED8B9-2A81-45DB-A2C2-215D1A45948C}.Debug|Any CPU.ActiveCfg = Debug|Any CPU
		{003ED8B9-2A81-45DB-A2C2-215D1A45948C}.Debug|Any CPU.Build.0 = Debug|Any CPU
		{003ED8B9-2A81-45DB-A2C2-215D1A45948C}.Release|Any CPU.ActiveCfg = Release|Any CPU
		{003ED8B9-2A81-45DB-A2C2-215D1A45948C}.Release|Any CPU.Build.0 = Release|Any CPU
	EndGlobalSection
	GlobalSection(SolutionProperties) = preSolution
		HideSolutionNode = FALSE
	EndGlobalSection
	GlobalSection(ExtensibilityGlobals) = postSolution
		SolutionGuid = {63B6FA1A-9903-45AE-9FC6-44845920414D}
	EndGlobalSection
EndGlobal
