
Microsoft Visual Studio Solution File, Format Version 12.00
# Visual Studio Version 16
VisualStudioVersion = 16.0.29503.13
MinimumVisualStudioVersion = 10.0.40219.1
Project("{FAE04EC0-301F-11D3-BF4B-00C04F79EFBC}") = "WpfBasics", "WpfBasics.csproj", "{658A11CA-1130-440A-816E-354214D91F43}"
EndProject
Global
	GlobalSection(SolutionConfigurationPlatforms) = preSolution
		Debug|Any CPU = Debug|Any CPU
		Release|Any CPU = Release|Any CPU
	EndGlobalSection
	GlobalSection(ProjectConfigurationPlatforms) = postSolution
		{658A11CA-1130-440A-816E-354214D91F43}.Debug|Any CPU.ActiveCfg = Debug|Any CPU
		{658A11CA-1130-440A-816E-354214D91F43}.Debug|Any CPU.Build.0 = Debug|Any CPU
		{658A11CA-1130-440A-816E-354214D91F43}.Release|Any CPU.ActiveCfg = Release|Any CPU
		{658A11CA-1130-440A-816E-354214D91F43}.Release|Any CPU.Build.0 = Release|Any CPU
	EndGlobalSection
	GlobalSection(SolutionProperties) = preSolution
		HideSolutionNode = FALSE
	EndGlobalSection
	GlobalSection(ExtensibilityGlobals) = postSolution
		SolutionGuid = {1CD2732E-7816-4001-B0B0-7349B23258FE}
	EndGlobalSection
EndGlobal
