
Microsoft Visual Studio Solution File, Format Version 12.00
# Visual Studio Version 16
VisualStudioVersion = 16.0.29503.13
MinimumVisualStudioVersion = 10.0.40219.1
Project("{FAE04EC0-301F-11D3-BF4B-00C04F79EFBC}") = "Matching Game", "Matching Game.csproj", "{07FDC4F3-767B-4DD7-A1DF-356F921F8547}"
EndProject
Global
	GlobalSection(SolutionConfigurationPlatforms) = preSolution
		Debug|Any CPU = Debug|Any CPU
		Release|Any CPU = Release|Any CPU
	EndGlobalSection
	GlobalSection(ProjectConfigurationPlatforms) = postSolution
		{07FDC4F3-767B-4DD7-A1DF-356F921F8547}.Debug|Any CPU.ActiveCfg = Debug|Any CPU
		{07FDC4F3-767B-4DD7-A1DF-356F921F8547}.Debug|Any CPU.Build.0 = Debug|Any CPU
		{07FDC4F3-767B-4DD7-A1DF-356F921F8547}.Release|Any CPU.ActiveCfg = Release|Any CPU
		{07FDC4F3-767B-4DD7-A1DF-356F921F8547}.Release|Any CPU.Build.0 = Release|Any CPU
	EndGlobalSection
	GlobalSection(SolutionProperties) = preSolution
		HideSolutionNode = FALSE
	EndGlobalSection
	GlobalSection(ExtensibilityGlobals) = postSolution
		SolutionGuid = {8A331E1D-2360-47CD-9D04-16D35BD2C091}
	EndGlobalSection
EndGlobal
