
Microsoft Visual Studio Solution File, Format Version 12.00
# Visual Studio Version 16
VisualStudioVersion = 16.0.28803.202
MinimumVisualStudioVersion = 10.0.40219.1
Project("{FAE04EC0-301F-11D3-BF4B-00C04F79EFBC}") = "Matching Game", "Matching Game.csproj", "{5C633D8A-C750-44A9-BA15-9E368E3701BE}"
EndProject
Global
	GlobalSection(SolutionConfigurationPlatforms) = preSolution
		Debug|Any CPU = Debug|Any CPU
		Release|Any CPU = Release|Any CPU
	EndGlobalSection
	GlobalSection(ProjectConfigurationPlatforms) = postSolution
		{5C633D8A-C750-44A9-BA15-9E368E3701BE}.Debug|Any CPU.ActiveCfg = Debug|Any CPU
		{5C633D8A-C750-44A9-BA15-9E368E3701BE}.Debug|Any CPU.Build.0 = Debug|Any CPU
		{5C633D8A-C750-44A9-BA15-9E368E3701BE}.Release|Any CPU.ActiveCfg = Release|Any CPU
		{5C633D8A-C750-44A9-BA15-9E368E3701BE}.Release|Any CPU.Build.0 = Release|Any CPU
	EndGlobalSection
	GlobalSection(SolutionProperties) = preSolution
		HideSolutionNode = FALSE
	EndGlobalSection
	GlobalSection(ExtensibilityGlobals) = postSolution
		SolutionGuid = {C078631D-F603-4D97-BA56-3C1C8F8E94AD}
	EndGlobalSection
EndGlobal
