
Microsoft Visual Studio Solution File, Format Version 12.00
# Visual Studio Version 16
VisualStudioVersion = 16.0.28803.452
MinimumVisualStudioVersion = 10.0.40219.1
Project("{FAE04EC0-301F-11D3-BF4B-00C04F79EFBC}") = "Section 3 Lecture 11 Animations", "Section 3 Lecture 11 Animations.csproj", "{C2743A8F-DF85-48DD-98DF-6F3C9391639B}"
EndProject
Global
	GlobalSection(SolutionConfigurationPlatforms) = preSolution
		Debug|Any CPU = Debug|Any CPU
		Release|Any CPU = Release|Any CPU
	EndGlobalSection
	GlobalSection(ProjectConfigurationPlatforms) = postSolution
		{C2743A8F-DF85-48DD-98DF-6F3C9391639B}.Debug|Any CPU.ActiveCfg = Debug|Any CPU
		{C2743A8F-DF85-48DD-98DF-6F3C9391639B}.Debug|Any CPU.Build.0 = Debug|Any CPU
		{C2743A8F-DF85-48DD-98DF-6F3C9391639B}.Release|Any CPU.ActiveCfg = Release|Any CPU
		{C2743A8F-DF85-48DD-98DF-6F3C9391639B}.Release|Any CPU.Build.0 = Release|Any CPU
	EndGlobalSection
	GlobalSection(SolutionProperties) = preSolution
		HideSolutionNode = FALSE
	EndGlobalSection
	GlobalSection(ExtensibilityGlobals) = postSolution
		SolutionGuid = {FECBEAD7-F847-43D9-BED1-60927B1D2BFD}
	EndGlobalSection
EndGlobal
